
Microsoft Visual Studio Solution File, Format Version 12.00
# Visual Studio 15
VisualStudioVersion = 15.0.26124.0
MinimumVisualStudioVersion = 15.0.26124.0
Project("{FAE04EC0-301F-11D3-BF4B-00C04F79EFBC}") = "CashierService", "web-api\CashierServices.csproj", "{031498E0-2A89-4367-B6E7-48441E281678}"
EndProject
Project("{FAE04EC0-301F-11D3-BF4B-00C04F79EFBC}") = "CashierServicesTests", "web-api-tests\CashierServicesTests.csproj", "{E6AC1210-5835-4B97-9ABA-183CAF16079F}"
EndProject
Global
	GlobalSection(SolutionConfigurationPlatforms) = preSolution
		Debug|Any CPU = Debug|Any CPU
		Debug|x64 = Debug|x64
		Debug|x86 = Debug|x86
		Release|Any CPU = Release|Any CPU
		Release|x64 = Release|x64
		Release|x86 = Release|x86
	EndGlobalSection
	GlobalSection(SolutionProperties) = preSolution
		HideSolutionNode = FALSE
	EndGlobalSection
	GlobalSection(ProjectConfigurationPlatforms) = postSolution
		{031498E0-2A89-4367-B6E7-48441E281678}.Debug|Any CPU.ActiveCfg = Debug|Any CPU
		{031498E0-2A89-4367-B6E7-48441E281678}.Debug|Any CPU.Build.0 = Debug|Any CPU
		{031498E0-2A89-4367-B6E7-48441E281678}.Debug|x64.ActiveCfg = Debug|Any CPU
		{031498E0-2A89-4367-B6E7-48441E281678}.Debug|x64.Build.0 = Debug|Any CPU
		{031498E0-2A89-4367-B6E7-48441E281678}.Debug|x86.ActiveCfg = Debug|Any CPU
		{031498E0-2A89-4367-B6E7-48441E281678}.Debug|x86.Build.0 = Debug|Any CPU
		{031498E0-2A89-4367-B6E7-48441E281678}.Release|Any CPU.ActiveCfg = Release|Any CPU
		{031498E0-2A89-4367-B6E7-48441E281678}.Release|Any CPU.Build.0 = Release|Any CPU
		{031498E0-2A89-4367-B6E7-48441E281678}.Release|x64.ActiveCfg = Release|Any CPU
		{031498E0-2A89-4367-B6E7-48441E281678}.Release|x64.Build.0 = Release|Any CPU
		{031498E0-2A89-4367-B6E7-48441E281678}.Release|x86.ActiveCfg = Release|Any CPU
		{031498E0-2A89-4367-B6E7-48441E281678}.Release|x86.Build.0 = Release|Any CPU
		{E6AC1210-5835-4B97-9ABA-183CAF16079F}.Debug|Any CPU.ActiveCfg = Debug|Any CPU
		{E6AC1210-5835-4B97-9ABA-183CAF16079F}.Debug|Any CPU.Build.0 = Debug|Any CPU
		{E6AC1210-5835-4B97-9ABA-183CAF16079F}.Debug|x64.ActiveCfg = Debug|Any CPU
		{E6AC1210-5835-4B97-9ABA-183CAF16079F}.Debug|x64.Build.0 = Debug|Any CPU
		{E6AC1210-5835-4B97-9ABA-183CAF16079F}.Debug|x86.ActiveCfg = Debug|Any CPU
		{E6AC1210-5835-4B97-9ABA-183CAF16079F}.Debug|x86.Build.0 = Debug|Any CPU
		{E6AC1210-5835-4B97-9ABA-183CAF16079F}.Release|Any CPU.ActiveCfg = Release|Any CPU
		{E6AC1210-5835-4B97-9ABA-183CAF16079F}.Release|Any CPU.Build.0 = Release|Any CPU
		{E6AC1210-5835-4B97-9ABA-183CAF16079F}.Release|x64.ActiveCfg = Release|Any CPU
		{E6AC1210-5835-4B97-9ABA-183CAF16079F}.Release|x64.Build.0 = Release|Any CPU
		{E6AC1210-5835-4B97-9ABA-183CAF16079F}.Release|x86.ActiveCfg = Release|Any CPU
		{E6AC1210-5835-4B97-9ABA-183CAF16079F}.Release|x86.Build.0 = Release|Any CPU
	EndGlobalSection
EndGlobal
